// !$*UTF8*$!
{
	archiveVersion = 1;
	classes = {
	};
	objectVersion = 46;
	objects = {

/* Begin PBXBuildFile section */
		82AE79B11CDDDA1300A918D8 /* main.m in Sources */ = {isa = PBXBuildFile; fileRef = 82AE79B01CDDDA1300A918D8 /* main.m */; };
		82AE79B41CDDDA1300A918D8 /* AppDelegate.m in Sources */ = {isa = PBXBuildFile; fileRef = 82AE79B31CDDDA1300A918D8 /* AppDelegate.m */; };
		82AE79B71CDDDA1300A918D8 /* ViewController.m in Sources */ = {isa = PBXBuildFile; fileRef = 82AE79B61CDDDA1300A918D8 /* ViewController.m */; };
		82AE79BA1CDDDA1300A918D8 /* Main.storyboard in Resources */ = {isa = PBXBuildFile; fileRef = 82AE79B81CDDDA1300A918D8 /* Main.storyboard */; };
		82AE79BC1CDDDA1300A918D8 /* Assets.xcassets in Resources */ = {isa = PBXBuildFile; fileRef = 82AE79BB1CDDDA1300A918D8 /* Assets.xcassets */; };
		82AE79BF1CDDDA1300A918D8 /* LaunchScreen.storyboard in Resources */ = {isa = PBXBuildFile; fileRef = 82AE79BD1CDDDA1300A918D8 /* LaunchScreen.storyboard */; };
		82AE79CA1CDDDA1300A918D8 /* RCProgressDemoTests.m in Sources */ = {isa = PBXBuildFile; fileRef = 82AE79C91CDDDA1300A918D8 /* RCProgressDemoTests.m */; };
		82AE79D51CDDDA1300A918D8 /* RCProgressDemoUITests.m in Sources */ = {isa = PBXBuildFile; fileRef = 82AE79D41CDDDA1300A918D8 /* RCProgressDemoUITests.m */; };
		82AE79E51CDDDA5400A918D8 /* RCProgressView.m in Sources */ = {isa = PBXBuildFile; fileRef = 82AE79E41CDDDA5400A918D8 /* RCProgressView.m */; };
/* End PBXBuildFile section */

/* Begin PBXContainerItemProxy section */
		82AE79C61CDDDA1300A918D8 /* PBXContainerItemProxy */ = {
			isa = PBXContainerItemProxy;
			containerPortal = 82AE79A41CDDDA1300A918D8 /* Project object */;
			proxyType = 1;
			remoteGlobalIDString = 82AE79AB1CDDDA1300A918D8;
			remoteInfo = RCProgressDemo;
		};
		82AE79D11CDDDA1300A918D8 /* PBXContainerItemProxy */ = {
			isa = PBXContainerItemProxy;
			containerPortal = 82AE79A41CDDDA1300A918D8 /* Project object */;
			proxyType = 1;
			remoteGlobalIDString = 82AE79AB1CDDDA1300A918D8;
			remoteInfo = RCProgressDemo;
		};
/* End PBXContainerItemProxy section */

/* Begin PBXFileReference section */
		82AE79AC1CDDDA1300A918D8 /* RCProgressDemo.app */ = {isa = PBXFileReference; explicitFileType = wrapper.application; includeInIndex = 0; path = RCProgressDemo.app; sourceTree = BUILT_PRODUCTS_DIR; };
		82AE79B01CDDDA1300A918D8 /* main.m */ = {isa = PBXFileReference; lastKnownFileType = sourcecode.c.objc; path = main.m; sourceTree = "<group>"; };
		82AE79B21CDDDA1300A918D8 /* AppDelegate.h */ = {isa = PBXFileReference; lastKnownFileType = sourcecode.c.h; path = AppDelegate.h; sourceTree = "<group>"; };
		82AE79B31CDDDA1300A918D8 /* AppDelegate.m */ = {isa = PBXFileReference; lastKnownFileType = sourcecode.c.objc; path = AppDelegate.m; sourceTree = "<group>"; };
		82AE79B51CDDDA1300A918D8 /* ViewController.h */ = {isa = PBXFileReference; lastKnownFileType = sourcecode.c.h; path = ViewController.h; sourceTree = "<group>"; };
		82AE79B61CDDDA1300A918D8 /* ViewController.m */ = {isa = PBXFileReference; lastKnownFileType = sourcecode.c.objc; path = ViewController.m; sourceTree = "<group>"; };
		82AE79B91CDDDA1300A918D8 /* Base */ = {isa = PBXFileReference; lastKnownFileType = file.storyboard; name = Base; path = Base.lproj/Main.storyboard; sourceTree = "<group>"; };
		82AE79BB1CDDDA1300A918D8 /* Assets.xcassets */ = {isa = PBXFileReference; lastKnownFileType = folder.assetcatalog; path = Assets.xcassets; sourceTree = "<group>"; };
		82AE79BE1CDDDA1300A918D8 /* Base */ = {isa = PBXFileReference; lastKnownFileType = file.storyboard; name = Base; path = Base.lproj/LaunchScreen.storyboard; sourceTree = "<group>"; };
		82AE79C01CDDDA1300A918D8 /* Info.plist */ = {isa = PBXFileReference; lastKnownFileType = text.plist.xml; path = Info.plist; sourceTree = "<group>"; };
		82AE79C51CDDDA1300A918D8 /* RCProgressDemoTests.xctest */ = {isa = PBXFileReference; explicitFileType = wrapper.cfbundle; includeInIndex = 0; path = RCProgressDemoTests.xctest; sourceTree = BUILT_PRODUCTS_DIR; };
		82AE79C91CDDDA1300A918D8 /* RCProgressDemoTests.m */ = {isa = PBXFileReference; lastKnownFileType = sourcecode.c.objc; path = RCProgressDemoTests.m; sourceTree = "<group>"; };
		82AE79CB1CDDDA1300A918D8 /* Info.plist */ = {isa = PBXFileReference; lastKnownFileType = text.plist.xml; path = Info.plist; sourceTree = "<group>"; };
		82AE79D01CDDDA1300A918D8 /* RCProgressDemoUITests.xctest */ = {isa = PBXFileReference; explicitFileType = wrapper.cfbundle; includeInIndex = 0; path = RCProgressDemoUITests.xctest; sourceTree = BUILT_PRODUCTS_DIR; };
		82AE79D41CDDDA1300A918D8 /* RCProgressDemoUITests.m */ = {isa = PBXFileReference; lastKnownFileType = sourcecode.c.objc; path = RCProgressDemoUITests.m; sourceTree = "<group>"; };
		82AE79D61CDDDA1300A918D8 /* Info.plist */ = {isa = PBXFileReference; lastKnownFileType = text.plist.xml; path = Info.plist; sourceTree = "<group>"; };
		82AE79E31CDDDA5000A918D8 /* RCProgressView.h */ = {isa = PBXFileReference; lastKnownFileType = sourcecode.c.h; path = RCProgressView.h; sourceTree = "<group>"; };
		82AE79E41CDDDA5400A918D8 /* RCProgressView.m */ = {isa = PBXFileReference; fileEncoding = 4; lastKnownFileType = sourcecode.c.objc; path = RCProgressView.m; sourceTree = "<group>"; };
/* End PBXFileReference section */

/* Begin PBXFrameworksBuildPhase section */
		82AE79A91CDDDA1300A918D8 /* Frameworks */ = {
			isa = PBXFrameworksBuildPhase;
			buildActionMask = 2147483647;
			files = (
			);
			runOnlyForDeploymentPostprocessing = 0;
		};
		82AE79C21CDDDA1300A918D8 /* Frameworks */ = {
			isa = PBXFrameworksBuildPhase;
			buildActionMask = 2147483647;
			files = (
			);
			runOnlyForDeploymentPostprocessing = 0;
		};
		82AE79CD1CDDDA1300A918D8 /* Frameworks */ = {
			isa = PBXFrameworksBuildPhase;
			buildActionMask = 2147483647;
			files = (
			);
			runOnlyForDeploymentPostprocessing = 0;
		};
/* End PBXFrameworksBuildPhase section */

/* Begin PBXGroup section */
		82AE79A31CDDDA1300A918D8 = {
			isa = PBXGroup;
			children = (
				82AE79AE1CDDDA1300A918D8 /* RCProgressDemo */,
				82AE79C81CDDDA1300A918D8 /* RCProgressDemoTests */,
				82AE79D31CDDDA1300A918D8 /* RCProgressDemoUITests */,
				82AE79AD1CDDDA1300A918D8 /* Products */,
			);
			sourceTree = "<group>";
		};
		82AE79AD1CDDDA1300A918D8 /* Products */ = {
			isa = PBXGroup;
			children = (
				82AE79AC1CDDDA1300A918D8 /* RCProgressDemo.app */,
				82AE79C51CDDDA1300A918D8 /* RCProgressDemoTests.xctest */,
				82AE79D01CDDDA1300A918D8 /* RCProgressDemoUITests.xctest */,
			);
			name = Products;
			sourceTree = "<group>";
		};
		82AE79AE1CDDDA1300A918D8 /* RCProgressDemo */ = {
			isa = PBXGroup;
			children = (
				82AE79E21CDDDA4300A918D8 /* RCProgressView */,
				82AE79B21CDDDA1300A918D8 /* AppDelegate.h */,
				82AE79B31CDDDA1300A918D8 /* AppDelegate.m */,
				82AE79B51CDDDA1300A918D8 /* ViewController.h */,
				82AE79B61CDDDA1300A918D8 /* ViewController.m */,
				82AE79B81CDDDA1300A918D8 /* Main.storyboard */,
				82AE79BB1CDDDA1300A918D8 /* Assets.xcassets */,
				82AE79BD1CDDDA1300A918D8 /* LaunchScreen.storyboard */,
				82AE79C01CDDDA1300A918D8 /* Info.plist */,
				82AE79AF1CDDDA1300A918D8 /* Supporting Files */,
			);
			path = RCProgressDemo;
			sourceTree = "<group>";
		};
		82AE79AF1CDDDA1300A918D8 /* Supporting Files */ = {
			isa = PBXGroup;
			children = (
				82AE79B01CDDDA1300A918D8 /* main.m */,
			);
			name = "Supporting Files";
			sourceTree = "<group>";
		};
		82AE79C81CDDDA1300A918D8 /* RCProgressDemoTests */ = {
			isa = PBXGroup;
			children = (
				82AE79C91CDDDA1300A918D8 /* RCProgressDemoTests.m */,
				82AE79CB1CDDDA1300A918D8 /* Info.plist */,
			);
			path = RCProgressDemoTests;
			sourceTree = "<group>";
		};
		82AE79D31CDDDA1300A918D8 /* RCProgressDemoUITests */ = {
			isa = PBXGroup;
			children = (
				82AE79D41CDDDA1300A918D8 /* RCProgressDemoUITests.m */,
				82AE79D61CDDDA1300A918D8 /* Info.plist */,
			);
			path = RCProgressDemoUITests;
			sourceTree = "<group>";
		};
		82AE79E21CDDDA4300A918D8 /* RCProgressView */ = {
			isa = PBXGroup;
			children = (
				82AE79E31CDDDA5000A918D8 /* RCProgressView.h */,
				82AE79E41CDDDA5400A918D8 /* RCProgressView.m */,
			);
			path = RCProgressView;
			sourceTree = SOURCE_ROOT;
		};
/* End PBXGroup section */

/* Begin PBXNativeTarget section */
		82AE79AB1CDDDA1300A918D8 /* RCProgressDemo */ = {
			isa = PBXNativeTarget;
			buildConfigurationList = 82AE79D91CDDDA1300A918D8 /* Build configuration list for PBXNativeTarget "RCProgressDemo" */;
			buildPhases = (
				82AE79A81CDDDA1300A918D8 /* Sources */,
				82AE79A91CDDDA1300A918D8 /* Frameworks */,
				82AE79AA1CDDDA1300A918D8 /* Resources */,
			);
			buildRules = (
			);
			dependencies = (
			);
			name = RCProgressDemo;
			productName = RCProgressDemo;
			productReference = 82AE79AC1CDDDA1300A918D8 /* RCProgressDemo.app */;
			productType = "com.apple.product-type.application";
		};
		82AE79C41CDDDA1300A918D8 /* RCProgressDemoTests */ = {
			isa = PBXNativeTarget;
			buildConfigurationList = 82AE79DC1CDDDA1300A918D8 /* Build configuration list for PBXNativeTarget "RCProgressDemoTests" */;
			buildPhases = (
				82AE79C11CDDDA1300A918D8 /* Sources */,
				82AE79C21CDDDA1300A918D8 /* Frameworks */,
				82AE79C31CDDDA1300A918D8 /* Resources */,
			);
			buildRules = (
			);
			dependencies = (
				82AE79C71CDDDA1300A918D8 /* PBXTargetDependency */,
			);
			name = RCProgressDemoTests;
			productName = RCProgressDemoTests;
			productReference = 82AE79C51CDDDA1300A918D8 /* RCProgressDemoTests.xctest */;
			productType = "com.apple.product-type.bundle.unit-test";
		};
		82AE79CF1CDDDA1300A918D8 /* RCProgressDemoUITests */ = {
			isa = PBXNativeTarget;
			buildConfigurationList = 82AE79DF1CDDDA1300A918D8 /* Build configuration list for PBXNativeTarget "RCProgressDemoUITests" */;
			buildPhases = (
				82AE79CC1CDDDA1300A918D8 /* Sources */,
				82AE79CD1CDDDA1300A918D8 /* Frameworks */,
				82AE79CE1CDDDA1300A918D8 /* Resources */,
			);
			buildRules = (
			);
			dependencies = (
				82AE79D21CDDDA1300A918D8 /* PBXTargetDependency */,
			);
			name = RCProgressDemoUITests;
			productName = RCProgressDemoUITests;
			productReference = 82AE79D01CDDDA1300A918D8 /* RCProgressDemoUITests.xctest */;
			productType = "com.apple.product-type.bundle.ui-testing";
		};
/* End PBXNativeTarget section */

/* Begin PBXProject section */
		82AE79A41CDDDA1300A918D8 /* Project object */ = {
			isa = PBXProject;
			attributes = {
				LastUpgradeCheck = 0710;
				ORGANIZATIONNAME = WuQingMing;
				TargetAttributes = {
					82AE79AB1CDDDA1300A918D8 = {
						CreatedOnToolsVersion = 7.1;
					};
					82AE79C41CDDDA1300A918D8 = {
						CreatedOnToolsVersion = 7.1;
						TestTargetID = 82AE79AB1CDDDA1300A918D8;
					};
					82AE79CF1CDDDA1300A918D8 = {
						CreatedOnToolsVersion = 7.1;
						TestTargetID = 82AE79AB1CDDDA1300A918D8;
					};
				};
			};
			buildConfigurationList = 82AE79A71CDDDA1300A918D8 /* Build configuration list for PBXProject "RCProgressDemo" */;
			compatibilityVersion = "Xcode 3.2";
			developmentRegion = English;
			hasScannedForEncodings = 0;
			knownRegions = (
				en,
				Base,
			);
			mainGroup = 82AE79A31CDDDA1300A918D8;
			productRefGroup = 82AE79AD1CDDDA1300A918D8 /* Products */;
			projectDirPath = "";
			projectRoot = "";
			targets = (
				82AE79AB1CDDDA1300A918D8 /* RCProgressDemo */,
				82AE79C41CDDDA1300A918D8 /* RCProgressDemoTests */,
				82AE79CF1CDDDA1300A918D8 /* RCProgressDemoUITests */,
			);
		};
/* End PBXProject section */

/* Begin PBXResourcesBuildPhase section */
		82AE79AA1CDDDA1300A918D8 /* Resources */ = {
			isa = PBXResourcesBuildPhase;
			buildActionMask = 2147483647;
			files = (
				82AE79BF1CDDDA1300A918D8 /* LaunchScreen.storyboard in Resources */,
				82AE79BC1CDDDA1300A918D8 /* Assets.xcassets in Resources */,
				82AE79BA1CDDDA1300A918D8 /* Main.storyboard in Resources */,
			);
			runOnlyForDeploymentPostprocessing = 0;
		};
		82AE79C31CDDDA1300A918D8 /* Resources */ = {
			isa = PBXResourcesBuildPhase;
			buildActionMask = 2147483647;
			files = (
			);
			runOnlyForDeploymentPostprocessing = 0;
		};
		82AE79CE1CDDDA1300A918D8 /* Resources */ = {
			isa = PBXResourcesBuildPhase;
			buildActionMask = 2147483647;
			files = (
			);
			runOnlyForDeploymentPostprocessing = 0;
		};
/* End PBXResourcesBuildPhase section */

/* Begin PBXSourcesBuildPhase section */
		82AE79A81CDDDA1300A918D8 /* Sources */ = {
			isa = PBXSourcesBuildPhase;
			buildActionMask = 2147483647;
			files = (
				82AE79E51CDDDA5400A918D8 /* RCProgressView.m in Sources */,
				82AE79B71CDDDA1300A918D8 /* ViewController.m in Sources */,
				82AE79B41CDDDA1300A918D8 /* AppDelegate.m in Sources */,
				82AE79B11CDDDA1300A918D8 /* main.m in Sources */,
			);
			runOnlyForDeploymentPostprocessing = 0;
		};
		82AE79C11CDDDA1300A918D8 /* Sources */ = {
			isa = PBXSourcesBuildPhase;
			buildActionMask = 2147483647;
			files = (
				82AE79CA1CDDDA1300A918D8 /* RCProgressDemoTests.m in Sources */,
			);
			runOnlyForDeploymentPostprocessing = 0;
		};
		82AE79CC1CDDDA1300A918D8 /* Sources */ = {
			isa = PBXSourcesBuildPhase;
			buildActionMask = 2147483647;
			files = (
				82AE79D51CDDDA1300A918D8 /* RCProgressDemoUITests.m in Sources */,
			);
			runOnlyForDeploymentPostprocessing = 0;
		};
/* End PBXSourcesBuildPhase section */

/* Begin PBXTargetDependency section */
		82AE79C71CDDDA1300A918D8 /* PBXTargetDependency */ = {
			isa = PBXTargetDependency;
			target = 82AE79AB1CDDDA1300A918D8 /* RCProgressDemo */;
			targetProxy = 82AE79C61CDDDA1300A918D8 /* PBXContainerItemProxy */;
		};
		82AE79D21CDDDA1300A918D8 /* PBXTargetDependency */ = {
			isa = PBXTargetDependency;
			target = 82AE79AB1CDDDA1300A918D8 /* RCProgressDemo */;
			targetProxy = 82AE79D11CDDDA1300A918D8 /* PBXContainerItemProxy */;
		};
/* End PBXTargetDependency section */

/* Begin PBXVariantGroup section */
		82AE79B81CDDDA1300A918D8 /* Main.storyboard */ = {
			isa = PBXVariantGroup;
			children = (
				82AE79B91CDDDA1300A918D8 /* Base */,
			);
			name = Main.storyboard;
			sourceTree = "<group>";
		};
		82AE79BD1CDDDA1300A918D8 /* LaunchScreen.storyboard */ = {
			isa = PBXVariantGroup;
			children = (
				82AE79BE1CDDDA1300A918D8 /* Base */,
			);
			name = LaunchScreen.storyboard;
			sourceTree = "<group>";
		};
/* End PBXVariantGroup section */

/* Begin XCBuildConfiguration section */
		82AE79D71CDDDA1300A918D8 /* Debug */ = {
			isa = XCBuildConfiguration;
			buildSettings = {
				ALWAYS_SEARCH_USER_PATHS = NO;
				CLANG_CXX_LANGUAGE_STANDARD = "gnu++0x";
				CLANG_CXX_LIBRARY = "libc++";
				CLANG_ENABLE_MODULES = YES;
				CLANG_ENABLE_OBJC_ARC = YES;
				CLANG_WARN_BOOL_CONVERSION = YES;
				CLANG_WARN_CONSTANT_CONVERSION = YES;
				CLANG_WARN_DIRECT_OBJC_ISA_USAGE = YES_ERROR;
				CLANG_WARN_EMPTY_BODY = YES;
				CLANG_WARN_ENUM_CONVERSION = YES;
				CLANG_WARN_INT_CONVERSION = YES;
				CLANG_WARN_OBJC_ROOT_CLASS = YES_ERROR;
				CLANG_WARN_UNREACHABLE_CODE = YES;
				CLANG_WARN__DUPLICATE_METHOD_MATCH = YES;
				"CODE_SIGN_IDENTITY[sdk=iphoneos*]" = "iPhone Developer";
				COPY_PHASE_STRIP = NO;
				DEBUG_INFORMATION_FORMAT = dwarf;
				ENABLE_STRICT_OBJC_MSGSEND = YES;
				ENABLE_TESTABILITY = YES;
				GCC_C_LANGUAGE_STANDARD = gnu99;
				GCC_DYNAMIC_NO_PIC = NO;
				GCC_NO_COMMON_BLOCKS = YES;
				GCC_OPTIMIZATION_LEVEL = 0;
				GCC_PREPROCESSOR_DEFINITIONS = (
					"DEBUG=1",
					"$(inherited)",
				);
				GCC_WARN_64_TO_32_BIT_CONVERSION = YES;
				GCC_WARN_ABOUT_RETURN_TYPE = YES_ERROR;
				GCC_WARN_UNDECLARED_SELECTOR = YES;
				GCC_WARN_UNINITIALIZED_AUTOS = YES_AGGRESSIVE;
				GCC_WARN_UNUSED_FUNCTION = YES;
				GCC_WARN_UNUSED_VARIABLE = YES;
				IPHONEOS_DEPLOYMENT_TARGET = 9.1;
				MTL_ENABLE_DEBUG_INFO = YES;
				ONLY_ACTIVE_ARCH = YES;
				SDKROOT = iphoneos;
			};
			name = Debug;
		};
		82AE79D81CDDDA1300A918D8 /* Release */ = {
			isa = XCBuildConfiguration;
			buildSettings = {
				ALWAYS_SEARCH_USER_PATHS = NO;
				CLANG_CXX_LANGUAGE_STANDARD = "gnu++0x";
				CLANG_CXX_LIBRARY = "libc++";
				CLANG_ENABLE_MODULES = YES;
				CLANG_ENABLE_OBJC_ARC = YES;
				CLANG_WARN_BOOL_CONVERSION = YES;
				CLANG_WARN_CONSTANT_CONVERSION = YES;
				CLANG_WARN_DIRECT_OBJC_ISA_USAGE = YES_ERROR;
				CLANG_WARN_EMPTY_BODY = YES;
				CLANG_WARN_ENUM_CONVERSION = YES;
				CLANG_WARN_INT_CONVERSION = YES;
				CLANG_WARN_OBJC_ROOT_CLASS = YES_ERROR;
				CLANG_WARN_UNREACHABLE_CODE = YES;
				CLANG_WARN__DUPLICATE_METHOD_MATCH = YES;
				"CODE_SIGN_IDENTITY[sdk=iphoneos*]" = "iPhone Developer";
				COPY_PHASE_STRIP = NO;
				DEBUG_INFORMATION_FORMAT = "dwarf-with-dsym";
				ENABLE_NS_ASSERTIONS = NO;
				ENABLE_STRICT_OBJC_MSGSEND = YES;
				GCC_C_LANGUAGE_STANDARD = gnu99;
				GCC_NO_COMMON_BLOCKS = YES;
				GCC_WARN_64_TO_32_BIT_CONVERSION = YES;
				GCC_WARN_ABOUT_RETURN_TYPE = YES_ERROR;
				GCC_WARN_UNDECLARED_SELECTOR = YES;
				GCC_WARN_UNINITIALIZED_AUTOS = YES_AGGRESSIVE;
				GCC_WARN_UNUSED_FUNCTION = YES;
				GCC_WARN_UNUSED_VARIABLE = YES;
				IPHONEOS_DEPLOYMENT_TARGET = 9.1;
				MTL_ENABLE_DEBUG_INFO = NO;
				SDKROOT = iphoneos;
				VALIDATE_PRODUCT = YES;
			};
			name = Release;
		};
		82AE79DA1CDDDA1300A918D8 /* Debug */ = {
			isa = XCBuildConfiguration;
			buildSettings = {
				ASSETCATALOG_COMPILER_APPICON_NAME = AppIcon;
				INFOPLIST_FILE = RCProgressDemo/Info.plist;
				LD_RUNPATH_SEARCH_PATHS = "$(inherited) @executable_path/Frameworks";
				PRODUCT_BUNDLE_IDENTIFIER = com.xysh.RCProgressDemo;
				PRODUCT_NAME = "$(TARGET_NAME)";
			};
			name = Debug;
		};
		82AE79DB1CDDDA1300A918D8 /* Release */ = {
			isa = XCBuildConfiguration;
			buildSettings = {
				ASSETCATALOG_COMPILER_APPICON_NAME = AppIcon;
				INFOPLIST_FILE = RCProgressDemo/Info.plist;
				LD_RUNPATH_SEARCH_PATHS = "$(inherited) @executable_path/Frameworks";
				PRODUCT_BUNDLE_IDENTIFIER = com.xysh.RCProgressDemo;
				PRODUCT_NAME = "$(TARGET_NAME)";
			};
			name = Release;
		};
		82AE79DD1CDDDA1300A918D8 /* Debug */ = {
			isa = XCBuildConfiguration;
			buildSettings = {
				BUNDLE_LOADER = "$(TEST_HOST)";
				INFOPLIST_FILE = RCProgressDemoTests/Info.plist;
				LD_RUNPATH_SEARCH_PATHS = "$(inherited) @executable_path/Frameworks @loader_path/Frameworks";
				PRODUCT_BUNDLE_IDENTIFIER = com.xysh.RCProgressDemoTests;
				PRODUCT_NAME = "$(TARGET_NAME)";
				TEST_HOST = "$(BUILT_PRODUCTS_DIR)/RCProgressDemo.app/RCProgressDemo";
			};
			name = Debug;
		};
		82AE79DE1CDDDA1300A918D8 /* Release */ = {
			isa = XCBuildConfiguration;
			buildSettings = {
				BUNDLE_LOADER = "$(TEST_HOST)";
				INFOPLIST_FILE = RCProgressDemoTests/Info.plist;
				LD_RUNPATH_SEARCH_PATHS = "$(inherited) @executable_path/Frameworks @loader_path/Frameworks";
				PRODUCT_BUNDLE_IDENTIFIER = com.xysh.RCProgressDemoTests;
				PRODUCT_NAME = "$(TARGET_NAME)";
				TEST_HOST = "$(BUILT_PRODUCTS_DIR)/RCProgressDemo.app/RCProgressDemo";
			};
			name = Release;
		};
		82AE79E01CDDDA1300A918D8 /* Debug */ = {
			isa = XCBuildConfiguration;
			buildSettings = {
				INFOPLIST_FILE = RCProgressDemoUITests/Info.plist;
				LD_RUNPATH_SEARCH_PATHS = "$(inherited) @executable_path/Frameworks @loader_path/Frameworks";
				PRODUCT_BUNDLE_IDENTIFIER = com.xysh.RCProgressDemoUITests;
				PRODUCT_NAME = "$(TARGET_NAME)";
				TEST_TARGET_NAME = RCProgressDemo;
				USES_XCTRUNNER = YES;
			};
			name = Debug;
		};
		82AE79E11CDDDA1300A918D8 /* Release */ = {
			isa = XCBuildConfiguration;
			buildSettings = {
				INFOPLIST_FILE = RCProgressDemoUITests/Info.plist;
				LD_RUNPATH_SEARCH_PATHS = "$(inherited) @executable_path/Frameworks @loader_path/Frameworks";
				PRODUCT_BUNDLE_IDENTIFIER = com.xysh.RCProgressDemoUITests;
				PRODUCT_NAME = "$(TARGET_NAME)";
				TEST_TARGET_NAME = RCProgressDemo;
				USES_XCTRUNNER = YES;
			};
			name = Release;
		};
/* End XCBuildConfiguration section */

/* Begin XCConfigurationList section */
		82AE79A71CDDDA1300A918D8 /* Build configuration list for PBXProject "RCProgressDemo" */ = {
			isa = XCConfigurationList;
			buildConfigurations = (
				82AE79D71CDDDA1300A918D8 /* Debug */,
				82AE79D81CDDDA1300A918D8 /* Release */,
			);
			defaultConfigurationIsVisible = 0;
			defaultConfigurationName = Release;
		};
		82AE79D91CDDDA1300A918D8 /* Build configuration list for PBXNativeTarget "RCProgressDemo" */ = {
			isa = XCConfigurationList;
			buildConfigurations = (
				82AE79DA1CDDDA1300A918D8 /* Debug */,
				82AE79DB1CDDDA1300A918D8 /* Release */,
			);
			defaultConfigurationIsVisible = 0;
		};
		82AE79DC1CDDDA1300A918D8 /* Build configuration list for PBXNativeTarget "RCProgressDemoTests" */ = {
			isa = XCConfigurationList;
			buildConfigurations = (
				82AE79DD1CDDDA1300A918D8 /* Debug */,
				82AE79DE1CDDDA1300A918D8 /* Release */,
			);
			defaultConfigurationIsVisible = 0;
		};
		82AE79DF1CDDDA1300A918D8 /* Build configuration list for PBXNativeTarget "RCProgressDemoUITests" */ = {
			isa = XCConfigurationList;
			buildConfigurations = (
				82AE79E01CDDDA1300A918D8 /* Debug */,
				82AE79E11CDDDA1300A918D8 /* Release */,
			);
			defaultConfigurationIsVisible = 0;
		};
/* End XCConfigurationList section */
	};
	rootObject = 82AE79A41CDDDA1300A918D8 /* Project object */;
}
